
Microsoft Visual Studio Solution File, Format Version 12.00
# Visual Studio Version 17
VisualStudioVersion = 17.2.32616.157
MinimumVisualStudioVersion = 10.0.40219.1
Project("{FAE04EC0-301F-11D3-BF4B-00C04F79EFBC}") = "JwtAuthenticationHomework", "JwtAuthenticationHomework.csproj", "{552EA199-1799-46CD-B008-00E63B6BF7AA}"
EndProject
Global
	GlobalSection(SolutionConfigurationPlatforms) = preSolution
		Debug|Any CPU = Debug|Any CPU
		Release|Any CPU = Release|Any CPU
	EndGlobalSection
	GlobalSection(ProjectConfigurationPlatforms) = postSolution
		{552EA199-1799-46CD-B008-00E63B6BF7AA}.Debug|Any CPU.ActiveCfg = Debug|Any CPU
		{552EA199-1799-46CD-B008-00E63B6BF7AA}.Debug|Any CPU.Build.0 = Debug|Any CPU
		{552EA199-1799-46CD-B008-00E63B6BF7AA}.Release|Any CPU.ActiveCfg = Release|Any CPU
		{552EA199-1799-46CD-B008-00E63B6BF7AA}.Release|Any CPU.Build.0 = Release|Any CPU
	EndGlobalSection
	GlobalSection(SolutionProperties) = preSolution
		HideSolutionNode = FALSE
	EndGlobalSection
	GlobalSection(ExtensibilityGlobals) = postSolution
		SolutionGuid = {E9258C1D-D12C-44CA-A82A-9472BB4D568D}
	EndGlobalSection
EndGlobal
